<?xml version="1.0" encoding="utf-8"?>
<Project ToolsVersion="4.0" xmlns="http://schemas.microsoft.com/developer/msbuild/2003">
  <ItemGroup>
    <Filter Include="Source Files">
      <UniqueIdentifier>{4FC737F1-C7A5-4376-A066-2A32D752A2FF}</UniqueIdentifier>
      <Extensions>cpp;c;cc;cxx;def;odl;idl;hpj;bat;asm;asmx</Extensions>
    </Filter>
    <Filter Include="Header Files">
      <UniqueIdentifier>{93995380-89BD-4b04-88EB-625FBE52EBFB}</UniqueIdentifier>
      <Extensions>h;hpp;hxx;hm;inl;inc;xsd</Extensions>
    </Filter>
    <Filter Include="Resource Files">
      <UniqueIdentifier>{67DA6AB6-F800-4c08-8B7A-83BB121AAD01}</UniqueIdentifier>
      <Extensions>rc;ico;cur;bmp;dlg;rc2;rct;bin;rgs;gif;jpg;jpeg;jpe;resx;tiff;tif;png;wav;mfcribbon-ms</Extensions>
    </Filter>
  </ItemGroup>
  <ItemGroup>
    <ClCompile Include="EncridDevice.cpp">
      <Filter>Source Files</Filter>
    </ClCompile>
    <ClCompile Include="Encrid.cpp">
      <Filter>Source Files</Filter>
    </ClCompile>
    <ClCompile Include="EncridPixelFormat.cpp">
      <Filter>Source Files</Filter>
    </ClCompile>
    <ClCompile Include="EncridIDGen.cpp">
      <Filter>Source Files</Filter>
    </ClCompile>
    <ClCompile Include="EncridImage.cpp">
      <Filter>Source Files</Filter>
    </ClCompile>
    <ClCompile Include="EncridBitmap.cpp">
      <Filter>Source Files</Filter>
    </ClCompile>
    <ClCompile Include="EncridJPEG.cpp">
      <Filter>Source Files</Filter>
    </ClCompile>
    <ClCompile Include="EncridGame.cpp">
      <Filter>Source Files</Filter>
    </ClCompile>
    <ClCompile Include="EncridPhysics.cpp">
      <Filter>Source Files</Filter>
    </ClCompile>
    <ClCompile Include="EncridPosSize.cpp">
      <Filter>Source Files</Filter>
    </ClCompile>
    <ClCompile Include="EncridInput.cpp">
      <Filter>Source Files</Filter>
    </ClCompile>
    <ClCompile Include="EncridTransform.cpp">
      <Filter>Source Files</Filter>
    </ClCompile>
    <ClCompile Include="EncridSound.cpp">
      <Filter>Source Files</Filter>
    </ClCompile>
    <ClCompile Include="EncridPNG.cpp">
      <Filter>Source Files</Filter>
    </ClCompile>
    <ClCompile Include="EncridWavefrontLoader.cpp">
      <Filter>Source Files</Filter>
    </ClCompile>
    <ClCompile Include="EncridModel.cpp">
      <Filter>Source Files</Filter>
    </ClCompile>
    <ClCompile Include="EncridCamera.cpp">
      <Filter>Source Files</Filter>
    </ClCompile>
    <ClCompile Include="EncridGLSL.cpp">
      <Filter>Source Files</Filter>
    </ClCompile>
    <ClCompile Include="EncridShapes.cpp">
      <Filter>Source Files</Filter>
    </ClCompile>
    <ClCompile Include="EncridWindow.cpp">
      <Filter>Source Files</Filter>
    </ClCompile>
    <ClCompile Include="Encrid2DAnimation.cpp">
      <Filter>Source Files</Filter>
    </ClCompile>
  </ItemGroup>
  <ItemGroup>
    <ClInclude Include="Encrid.h">
      <Filter>Header Files</Filter>
    </ClInclude>
    <ClInclude Include="EncridDevice.h">
      <Filter>Header Files</Filter>
    </ClInclude>
    <ClInclude Include="EncridPixelFormat.h">
      <Filter>Header Files</Filter>
    </ClInclude>
    <ClInclude Include="EncridIDGen.h">
      <Filter>Header Files</Filter>
    </ClInclude>
    <ClInclude Include="EncridImage.h">
      <Filter>Header Files</Filter>
    </ClInclude>
    <ClInclude Include="EncridBitmap.h">
      <Filter>Header Files</Filter>
    </ClInclude>
    <ClInclude Include="EncridJPEG.h">
      <Filter>Header Files</Filter>
    </ClInclude>
    <ClInclude Include="EncridGame.h">
      <Filter>Header Files</Filter>
    </ClInclude>
    <ClInclude Include="EncridPhysics.h">
      <Filter>Header Files</Filter>
    </ClInclude>
    <ClInclude Include="EncridPosSize.h">
      <Filter>Header Files</Filter>
    </ClInclude>
    <ClInclude Include="EncridInput.h">
      <Filter>Header Files</Filter>
    </ClInclude>
    <ClInclude Include="EncridInputKeyCodes.h">
      <Filter>Header Files</Filter>
    </ClInclude>
    <ClInclude Include="EncridTransform.h">
      <Filter>Header Files</Filter>
    </ClInclude>
    <ClInclude Include="EncridSound.h">
      <Filter>Header Files</Filter>
    </ClInclude>
    <ClInclude Include="EncridPNG.h">
      <Filter>Header Files</Filter>
    </ClInclude>
    <ClInclude Include="EncridWavefrontLoader.h">
      <Filter>Header Files</Filter>
    </ClInclude>
    <ClInclude Include="EncridModel.h">
      <Filter>Header Files</Filter>
    </ClInclude>
    <ClInclude Include="EncridCamera.h">
      <Filter>Header Files</Filter>
    </ClInclude>
    <ClInclude Include="EncridGLSL.h">
      <Filter>Header Files</Filter>
    </ClInclude>
    <ClInclude Include="EncridShapes.h">
      <Filter>Header Files</Filter>
    </ClInclude>
    <ClInclude Include="EncridWindow.h">
      <Filter>Header Files</Filter>
    </ClInclude>
    <ClInclude Include="Encrid2DAnimation.h">
      <Filter>Header Files</Filter>
    </ClInclude>
  </ItemGroup>
</Project>